# THIS IS AN AUTOGENERATED FILE. DO NOT EDIT THIS FILE DIRECTLY.
# yarn lockfile v1


react-intersection-observer@^8.32.0:
  version "8.32.0"
  resolved "https://registry.yarnpkg.com/react-intersection-observer/-/react-intersection-observer-8.32.0.tgz#47249332e12e8bb99ed35a10bb7dd10446445a7b"
  integrity sha512-RlC6FvS3MFShxTn4FHAy904bVjX5Nn4/eTjUkurW0fHK+M/fyQdXuyCy9+L7yjA+YMGogzzSJNc7M4UtfSKvtw==
